PODS:
  - AFDateHelper (4.2.7)
  - Alamofire (4.7.3)
  - AppVersionMonitor (1.3.1)
  - Crashlytics (3.9.3):
    - Fabric (~> 1.7.2)
  - DeviceKit (1.4.0)
  - Fabric (1.7.11)
  - IQDropDownTextField (1.1.1)
  - IQKeyboardManager (5.0.8)
  - Kingfisher (4.6.4)
  - Log (1.0)
  - PKHUD (5.0.0)
  - PureLayout (3.0.2)
  - RandomKit (5.2.3):
    - ShiftOperations (~> 1.0.2)
    - Threadly (~> 1.0)
  - ReachabilitySwift (4.1.0)
  - ReSwift (4.0.1)
  - RxCocoa (4.2.0):
    - RxSwift (~> 4.0)
  - RxSwift (4.2.0)
  - ShiftOperations (1.0.2)
  - SimulatorRemoteNotifications (0.0.3)
  - SkyFloatingLabelTextField (3.3.0)
  - Sourcery (0.14.0)
  - SwiftLint (0.27.0)
  - Threadly (1.2.0)
  - Whisper (6.0.2)

DEPENDENCIES:
  - AFDateHelper (~> 4.2.5)
  - Alamofire (~> 4.7.3)
  - AppVersionMonitor (~> 1.3.1)
  - Crashlytics (~> 3.9.3)
  - DeviceKit (~> 1.4.0)
  - Fabric (~> 1.7.6)
  - IQDropDownTextField (~> 1.1.1)
  - IQKeyboardManager (~> 5.0.8)
  - Kingfisher (~> 4.6.4)
  - Log
  - PKHUD (~> 5.0.0)
  - PureLayout (~> 3.0.2)
  - RandomKit (from `https://github.com/buscarini/RandomKit.git`)
  - ReachabilitySwift
  - ReSwift (~> 4.0.1)
  - RxCocoa (~> 4.0)
  - RxSwift (~> 4.0)
  - SimulatorRemoteNotifications (~> 0.0.3)
  - SkyFloatingLabelTextField (~> 3.3.0)
  - Sourcery (~> 0.14.0)
  - SwiftLint (~> 0.24)
  - Whisper (~> 6.0)

SPEC REPOS:
  https://github.com/cocoapods/specs.git:
    - AFDateHelper
    - Alamofire
    - AppVersionMonitor
    - Crashlytics
    - DeviceKit
    - Fabric
    - IQDropDownTextField
    - IQKeyboardManager
    - Kingfisher
    - Log
    - PKHUD
    - PureLayout
    - ReachabilitySwift
    - ReSwift
    - RxCocoa
    - RxSwift
    - ShiftOperations
    - SimulatorRemoteNotifications
    - SkyFloatingLabelTextField
    - Sourcery
    - SwiftLint
    - Threadly
    - Whisper

EXTERNAL SOURCES:
  RandomKit:
    :git: https://github.com/buscarini/RandomKit.git

CHECKOUT OPTIONS:
  RandomKit:
    :commit: 4694a718f878a1f0269d1626f0c65c2be3c0a464
    :git: https://github.com/buscarini/RandomKit.git

SPEC CHECKSUMS:
  AFDateHelper: 4ad66fb19503041fbba8a3018cb7ef9c71b2ff88
  Alamofire: c7287b6e5d7da964a70935e5db17046b7fde6568
  AppVersionMonitor: 4a212237149e64c557f95a14798009516be94939
  Crashlytics: dbb07d01876c171c5ccbdf7826410380189e452c
  DeviceKit: fa74d97499660e88081718b16688e19217595dba
  Fabric: f233c9492b3bbc1f04e3882986740f7988a58edb
  IQDropDownTextField: 3d2e5728a2b83ff5dbb14cb9b497a80005124cbe
  IQKeyboardManager: 266cb7b1d11f94a3e71229d77f960f9a1b538e5b
  Kingfisher: 68498a706e46c2a050b0c9572f100e5db407f6e0
  Log: 5e368c9528db07517d18d2d04ff5fe2b6f5a1e21
  PKHUD: 3c001512c6e002091184197a8de7a20420786e3b
  PureLayout: 4d550abe49a94f24c2808b9b95db9131685fe4cd
  RandomKit: e1ca01dea55913637cea96e25b3dffd37bdb674d
  ReachabilitySwift: 6849231cd4e06559f3b9ef4a97a0a0f96d41e09f
  ReSwift: f4012c613e13da7398827fe5aebdb938eaed40a3
  RxCocoa: 0b54909c902e1e581212a03e690bbd94032d8baa
  RxSwift: 99e10317ddfcc7fbe01356aafd118fde4a0be104
  ShiftOperations: 702c9aa98d3b20d98dceb71dd8437b562f7ab3ad
  SimulatorRemoteNotifications: 1610643e0582b2af67bc254b071ace4077e8ef86
  SkyFloatingLabelTextField: 771be94beca6868a6cea187f70c965ebd81d2f93
  Sourcery: 51332d15c2fc40e4ac5956e149a5d95607c63154
  SwiftLint: 3207c1faa2240bf8973b191820a116113cd11073
  Threadly: b772ed7c1ff4a3f03eb4600bbc5ef83b3be5cb29
  Whisper: 169760fc4bab0abf24d5529f9276f95c25cf1025

PODFILE CHECKSUM: e60be4a38d4b7d2b83a141a63d7b9ff322ef94f8

COCOAPODS: 1.5.3
